// !$*UTF8*$!
{
	archiveVersion = 1;
	classes = {
	};
	objectVersion = 46;
	objects = {

/* Begin PBXBuildFile section */
		3AEF3D101F0B220400CB87FB /* main.m in Sources */ = {isa = PBXBuildFile; fileRef = 3AEF3D0F1F0B220400CB87FB /* main.m */; };
		3AEF3D131F0B220400CB87FB /* AppDelegate.m in Sources */ = {isa = PBXBuildFile; fileRef = 3AEF3D121F0B220400CB87FB /* AppDelegate.m */; };
		3AEF3D1E1F0B220400CB87FB /* LaunchScreen.storyboard in Resources */ = {isa = PBXBuildFile; fileRef = 3AEF3D1C1F0B220400CB87FB /* LaunchScreen.storyboard */; };
		3AEF3D301F0B274B00CB87FB /* NSArray+LSAdditional.m in Sources */ = {isa = PBXBuildFile; fileRef = 3AEF3D2F1F0B274B00CB87FB /* NSArray+LSAdditional.m */; };
		3AEF3D341F0B27F500CB87FB /* LSGlobal.m in Sources */ = {isa = PBXBuildFile; fileRef = 3AEF3D331F0B27F500CB87FB /* LSGlobal.m */; };
		3AEF3D371F0B280700CB87FB /* LSHelper.m in Sources */ = {isa = PBXBuildFile; fileRef = 3AEF3D361F0B280700CB87FB /* LSHelper.m */; };
		3AEF3D3A1F0B2BC400CB87FB /* ViewController.m in Sources */ = {isa = PBXBuildFile; fileRef = 3AEF3D391F0B2BC400CB87FB /* ViewController.m */; };
		3AEF3D3D1F0B2C0F00CB87FB /* runtimeView.m in Sources */ = {isa = PBXBuildFile; fileRef = 3AEF3D3C1F0B2C0F00CB87FB /* runtimeView.m */; };
		3AEF3D3F1F0B3C6900CB87FB /* Assets.xcassets in Resources */ = {isa = PBXBuildFile; fileRef = 3AEF3D3E1F0B3C6900CB87FB /* Assets.xcassets */; };
		74E6ED2A1ECEE80AEF0144AB /* Pods_Runtime.framework in Frameworks */ = {isa = PBXBuildFile; fileRef = 37B09CB961BB29C3B46CD8D6 /* Pods_Runtime.framework */; };
/* End PBXBuildFile section */

/* Begin PBXFileReference section */
		37B09CB961BB29C3B46CD8D6 /* Pods_Runtime.framework */ = {isa = PBXFileReference; explicitFileType = wrapper.framework; includeInIndex = 0; path = Pods_Runtime.framework; sourceTree = BUILT_PRODUCTS_DIR; };
		3AEF3D0B1F0B220400CB87FB /* Runtime.app */ = {isa = PBXFileReference; explicitFileType = wrapper.application; includeInIndex = 0; path = Runtime.app; sourceTree = BUILT_PRODUCTS_DIR; };
		3AEF3D0F1F0B220400CB87FB /* main.m */ = {isa = PBXFileReference; lastKnownFileType = sourcecode.c.objc; path = main.m; sourceTree = "<group>"; };
		3AEF3D111F0B220400CB87FB /* AppDelegate.h */ = {isa = PBXFileReference; lastKnownFileType = sourcecode.c.h; path = AppDelegate.h; sourceTree = "<group>"; };
		3AEF3D121F0B220400CB87FB /* AppDelegate.m */ = {isa = PBXFileReference; lastKnownFileType = sourcecode.c.objc; path = AppDelegate.m; sourceTree = "<group>"; };
		3AEF3D1D1F0B220400CB87FB /* Base */ = {isa = PBXFileReference; lastKnownFileType = file.storyboard; name = Base; path = Base.lproj/LaunchScreen.storyboard; sourceTree = "<group>"; };
		3AEF3D1F1F0B220400CB87FB /* Info.plist */ = {isa = PBXFileReference; lastKnownFileType = text.plist.xml; path = Info.plist; sourceTree = "<group>"; };
		3AEF3D251F0B22E000CB87FB /* Header.h */ = {isa = PBXFileReference; lastKnownFileType = sourcecode.c.h; path = Header.h; sourceTree = "<group>"; };
		3AEF3D2C1F0B262600CB87FB /* LSGeneralMacro.h */ = {isa = PBXFileReference; lastKnownFileType = sourcecode.c.h; path = LSGeneralMacro.h; sourceTree = "<group>"; };
		3AEF3D2E1F0B274B00CB87FB /* NSArray+LSAdditional.h */ = {isa = PBXFileReference; fileEncoding = 4; lastKnownFileType = sourcecode.c.h; path = "NSArray+LSAdditional.h"; sourceTree = "<group>"; };
		3AEF3D2F1F0B274B00CB87FB /* NSArray+LSAdditional.m */ = {isa = PBXFileReference; fileEncoding = 4; lastKnownFileType = sourcecode.c.objc; path = "NSArray+LSAdditional.m"; sourceTree = "<group>"; };
		3AEF3D311F0B276900CB87FB /* AdditionalsHeader.h */ = {isa = PBXFileReference; lastKnownFileType = sourcecode.c.h; path = AdditionalsHeader.h; sourceTree = "<group>"; };
		3AEF3D321F0B27F500CB87FB /* LSGlobal.h */ = {isa = PBXFileReference; fileEncoding = 4; lastKnownFileType = sourcecode.c.h; path = LSGlobal.h; sourceTree = "<group>"; };
		3AEF3D331F0B27F500CB87FB /* LSGlobal.m */ = {isa = PBXFileReference; fileEncoding = 4; lastKnownFileType = sourcecode.c.objc; path = LSGlobal.m; sourceTree = "<group>"; };
		3AEF3D351F0B280700CB87FB /* LSHelper.h */ = {isa = PBXFileReference; fileEncoding = 4; lastKnownFileType = sourcecode.c.h; path = LSHelper.h; sourceTree = "<group>"; };
		3AEF3D361F0B280700CB87FB /* LSHelper.m */ = {isa = PBXFileReference; fileEncoding = 4; lastKnownFileType = sourcecode.c.objc; path = LSHelper.m; sourceTree = "<group>"; };
		3AEF3D381F0B2BC400CB87FB /* ViewController.h */ = {isa = PBXFileReference; fileEncoding = 4; lastKnownFileType = sourcecode.c.h; path = ViewController.h; sourceTree = "<group>"; };
		3AEF3D391F0B2BC400CB87FB /* ViewController.m */ = {isa = PBXFileReference; fileEncoding = 4; lastKnownFileType = sourcecode.c.objc; path = ViewController.m; sourceTree = "<group>"; };
		3AEF3D3B1F0B2C0F00CB87FB /* runtimeView.h */ = {isa = PBXFileReference; fileEncoding = 4; lastKnownFileType = sourcecode.c.h; path = runtimeView.h; sourceTree = "<group>"; };
		3AEF3D3C1F0B2C0F00CB87FB /* runtimeView.m */ = {isa = PBXFileReference; fileEncoding = 4; lastKnownFileType = sourcecode.c.objc; path = runtimeView.m; sourceTree = "<group>"; };
		3AEF3D3E1F0B3C6900CB87FB /* Assets.xcassets */ = {isa = PBXFileReference; lastKnownFileType = folder.assetcatalog; path = Assets.xcassets; sourceTree = "<group>"; };
		5EAF41A1B015E7D2D91DE547 /* Pods-Runtime.release.xcconfig */ = {isa = PBXFileReference; includeInIndex = 1; lastKnownFileType = text.xcconfig; name = "Pods-Runtime.release.xcconfig"; path = "Pods/Target Support Files/Pods-Runtime/Pods-Runtime.release.xcconfig"; sourceTree = "<group>"; };
		76EE45CA243840EACE8F4A7A /* Pods-Runtime.debug.xcconfig */ = {isa = PBXFileReference; includeInIndex = 1; lastKnownFileType = text.xcconfig; name = "Pods-Runtime.debug.xcconfig"; path = "Pods/Target Support Files/Pods-Runtime/Pods-Runtime.debug.xcconfig"; sourceTree = "<group>"; };
/* End PBXFileReference section */

/* Begin PBXFrameworksBuildPhase section */
		3AEF3D081F0B220400CB87FB /* Frameworks */ = {
			isa = PBXFrameworksBuildPhase;
			buildActionMask = 2147483647;
			files = (
				74E6ED2A1ECEE80AEF0144AB /* Pods_Runtime.framework in Frameworks */,
			);
			runOnlyForDeploymentPostprocessing = 0;
		};
/* End PBXFrameworksBuildPhase section */

/* Begin PBXGroup section */
		3AEF3D021F0B220400CB87FB = {
			isa = PBXGroup;
			children = (
				3AEF3D0D1F0B220400CB87FB /* Runtime */,
				3AEF3D0C1F0B220400CB87FB /* Products */,
				DB86300F21D8B0E61E409113 /* Pods */,
				F92F01095295DAAB2CE6607E /* Frameworks */,
			);
			sourceTree = "<group>";
		};
		3AEF3D0C1F0B220400CB87FB /* Products */ = {
			isa = PBXGroup;
			children = (
				3AEF3D0B1F0B220400CB87FB /* Runtime.app */,
			);
			name = Products;
			sourceTree = "<group>";
		};
		3AEF3D0D1F0B220400CB87FB /* Runtime */ = {
			isa = PBXGroup;
			children = (
				3AEF3D3E1F0B3C6900CB87FB /* Assets.xcassets */,
				3AEF3D291F0B260600CB87FB /* General */,
				3AEF3D2A1F0B260600CB87FB /* Helper */,
				3AEF3D2B1F0B260600CB87FB /* Macro */,
				3AEF3D2D1F0B26F300CB87FB /* Additionals */,
				3AEF3D111F0B220400CB87FB /* AppDelegate.h */,
				3AEF3D121F0B220400CB87FB /* AppDelegate.m */,
				3AEF3D1C1F0B220400CB87FB /* LaunchScreen.storyboard */,
				3AEF3D1F1F0B220400CB87FB /* Info.plist */,
				3AEF3D0E1F0B220400CB87FB /* Supporting Files */,
			);
			path = Runtime;
			sourceTree = "<group>";
		};
		3AEF3D0E1F0B220400CB87FB /* Supporting Files */ = {
			isa = PBXGroup;
			children = (
				3AEF3D0F1F0B220400CB87FB /* main.m */,
				3AEF3D251F0B22E000CB87FB /* Header.h */,
			);
			name = "Supporting Files";
			sourceTree = "<group>";
		};
		3AEF3D291F0B260600CB87FB /* General */ = {
			isa = PBXGroup;
			children = (
				3AEF3D381F0B2BC400CB87FB /* ViewController.h */,
				3AEF3D391F0B2BC400CB87FB /* ViewController.m */,
				3AEF3D3B1F0B2C0F00CB87FB /* runtimeView.h */,
				3AEF3D3C1F0B2C0F00CB87FB /* runtimeView.m */,
			);
			path = General;
			sourceTree = "<group>";
		};
		3AEF3D2A1F0B260600CB87FB /* Helper */ = {
			isa = PBXGroup;
			children = (
				3AEF3D321F0B27F500CB87FB /* LSGlobal.h */,
				3AEF3D331F0B27F500CB87FB /* LSGlobal.m */,
				3AEF3D351F0B280700CB87FB /* LSHelper.h */,
				3AEF3D361F0B280700CB87FB /* LSHelper.m */,
			);
			path = Helper;
			sourceTree = "<group>";
		};
		3AEF3D2B1F0B260600CB87FB /* Macro */ = {
			isa = PBXGroup;
			children = (
				3AEF3D2C1F0B262600CB87FB /* LSGeneralMacro.h */,
			);
			path = Macro;
			sourceTree = "<group>";
		};
		3AEF3D2D1F0B26F300CB87FB /* Additionals */ = {
			isa = PBXGroup;
			children = (
				3AEF3D2E1F0B274B00CB87FB /* NSArray+LSAdditional.h */,
				3AEF3D2F1F0B274B00CB87FB /* NSArray+LSAdditional.m */,
				3AEF3D311F0B276900CB87FB /* AdditionalsHeader.h */,
			);
			path = Additionals;
			sourceTree = "<group>";
		};
		DB86300F21D8B0E61E409113 /* Pods */ = {
			isa = PBXGroup;
			children = (
				76EE45CA243840EACE8F4A7A /* Pods-Runtime.debug.xcconfig */,
				5EAF41A1B015E7D2D91DE547 /* Pods-Runtime.release.xcconfig */,
			);
			name = Pods;
			sourceTree = "<group>";
		};
		F92F01095295DAAB2CE6607E /* Frameworks */ = {
			isa = PBXGroup;
			children = (
				37B09CB961BB29C3B46CD8D6 /* Pods_Runtime.framework */,
			);
			name = Frameworks;
			sourceTree = "<group>";
		};
/* End PBXGroup section */

/* Begin PBXNativeTarget section */
		3AEF3D0A1F0B220400CB87FB /* Runtime */ = {
			isa = PBXNativeTarget;
			buildConfigurationList = 3AEF3D221F0B220400CB87FB /* Build configuration list for PBXNativeTarget "Runtime" */;
			buildPhases = (
				EE751F53600D33974271B6F3 /* [CP] Check Pods Manifest.lock */,
				3AEF3D071F0B220400CB87FB /* Sources */,
				3AEF3D081F0B220400CB87FB /* Frameworks */,
				3AEF3D091F0B220400CB87FB /* Resources */,
				1A05C579459E4309154C1EB5 /* [CP] Embed Pods Frameworks */,
				90190DB662515FB687B5C5B7 /* [CP] Copy Pods Resources */,
			);
			buildRules = (
			);
			dependencies = (
			);
			name = Runtime;
			productName = Runtime;
			productReference = 3AEF3D0B1F0B220400CB87FB /* Runtime.app */;
			productType = "com.apple.product-type.application";
		};
/* End PBXNativeTarget section */

/* Begin PBXProject section */
		3AEF3D031F0B220400CB87FB /* Project object */ = {
			isa = PBXProject;
			attributes = {
				LastUpgradeCheck = 0830;
				ORGANIZATIONNAME = "jinzhong xu";
				TargetAttributes = {
					3AEF3D0A1F0B220400CB87FB = {
						CreatedOnToolsVersion = 8.3.3;
						DevelopmentTeam = JG8V2487ZT;
						ProvisioningStyle = Manual;
					};
				};
			};
			buildConfigurationList = 3AEF3D061F0B220400CB87FB /* Build configuration list for PBXProject "Runtime" */;
			compatibilityVersion = "Xcode 3.2";
			developmentRegion = English;
			hasScannedForEncodings = 0;
			knownRegions = (
				en,
				Base,
			);
			mainGroup = 3AEF3D021F0B220400CB87FB;
			productRefGroup = 3AEF3D0C1F0B220400CB87FB /* Products */;
			projectDirPath = "";
			projectRoot = "";
			targets = (
				3AEF3D0A1F0B220400CB87FB /* Runtime */,
			);
		};
/* End PBXProject section */

/* Begin PBXResourcesBuildPhase section */
		3AEF3D091F0B220400CB87FB /* Resources */ = {
			isa = PBXResourcesBuildPhase;
			buildActionMask = 2147483647;
			files = (
				3AEF3D3F1F0B3C6900CB87FB /* Assets.xcassets in Resources */,
				3AEF3D1E1F0B220400CB87FB /* LaunchScreen.storyboard in Resources */,
			);
			runOnlyForDeploymentPostprocessing = 0;
		};
/* End PBXResourcesBuildPhase section */

/* Begin PBXShellScriptBuildPhase section */
		1A05C579459E4309154C1EB5 /* [CP] Embed Pods Frameworks */ = {
			isa = PBXShellScriptBuildPhase;
			buildActionMask = 2147483647;
			files = (
			);
			inputPaths = (
			);
			name = "[CP] Embed Pods Frameworks";
			outputPaths = (
			);
			runOnlyForDeploymentPostprocessing = 0;
			shellPath = /bin/sh;
			shellScript = "\"${SRCROOT}/Pods/Target Support Files/Pods-Runtime/Pods-Runtime-frameworks.sh\"\n";
			showEnvVarsInLog = 0;
		};
		90190DB662515FB687B5C5B7 /* [CP] Copy Pods Resources */ = {
			isa = PBXShellScriptBuildPhase;
			buildActionMask = 2147483647;
			files = (
			);
			inputPaths = (
			);
			name = "[CP] Copy Pods Resources";
			outputPaths = (
			);
			runOnlyForDeploymentPostprocessing = 0;
			shellPath = /bin/sh;
			shellScript = "\"${SRCROOT}/Pods/Target Support Files/Pods-Runtime/Pods-Runtime-resources.sh\"\n";
			showEnvVarsInLog = 0;
		};
		EE751F53600D33974271B6F3 /* [CP] Check Pods Manifest.lock */ = {
			isa = PBXShellScriptBuildPhase;
			buildActionMask = 2147483647;
			files = (
			);
			inputPaths = (
			);
			name = "[CP] Check Pods Manifest.lock";
			outputPaths = (
			);
			runOnlyForDeploymentPostprocessing = 0;
			shellPath = /bin/sh;
			shellScript = "diff \"${PODS_ROOT}/../Podfile.lock\" \"${PODS_ROOT}/Manifest.lock\" > /dev/null\nif [ $? != 0 ] ; then\n    # print error to STDERR\n    echo \"error: The sandbox is not in sync with the Podfile.lock. Run 'pod install' or update your CocoaPods installation.\" >&2\n    exit 1\nfi\n";
			showEnvVarsInLog = 0;
		};
/* End PBXShellScriptBuildPhase section */

/* Begin PBXSourcesBuildPhase section */
		3AEF3D071F0B220400CB87FB /* Sources */ = {
			isa = PBXSourcesBuildPhase;
			buildActionMask = 2147483647;
			files = (
				3AEF3D3A1F0B2BC400CB87FB /* ViewController.m in Sources */,
				3AEF3D371F0B280700CB87FB /* LSHelper.m in Sources */,
				3AEF3D301F0B274B00CB87FB /* NSArray+LSAdditional.m in Sources */,
				3AEF3D341F0B27F500CB87FB /* LSGlobal.m in Sources */,
				3AEF3D131F0B220400CB87FB /* AppDelegate.m in Sources */,
				3AEF3D101F0B220400CB87FB /* main.m in Sources */,
				3AEF3D3D1F0B2C0F00CB87FB /* runtimeView.m in Sources */,
			);
			runOnlyForDeploymentPostprocessing = 0;
		};
/* End PBXSourcesBuildPhase section */

/* Begin PBXVariantGroup section */
		3AEF3D1C1F0B220400CB87FB /* LaunchScreen.storyboard */ = {
			isa = PBXVariantGroup;
			children = (
				3AEF3D1D1F0B220400CB87FB /* Base */,
			);
			name = LaunchScreen.storyboard;
			sourceTree = "<group>";
		};
/* End PBXVariantGroup section */

/* Begin XCBuildConfiguration section */
		3AEF3D201F0B220400CB87FB /* Debug */ = {
			isa = XCBuildConfiguration;
			buildSettings = {
				ALWAYS_SEARCH_USER_PATHS = NO;
				CLANG_ANALYZER_NONNULL = YES;
				CLANG_ANALYZER_NUMBER_OBJECT_CONVERSION = YES_AGGRESSIVE;
				CLANG_CXX_LANGUAGE_STANDARD = "gnu++0x";
				CLANG_CXX_LIBRARY = "libc++";
				CLANG_ENABLE_MODULES = YES;
				CLANG_ENABLE_OBJC_ARC = YES;
				CLANG_WARN_BOOL_CONVERSION = YES;
				CLANG_WARN_CONSTANT_CONVERSION = YES;
				CLANG_WARN_DIRECT_OBJC_ISA_USAGE = YES_ERROR;
				CLANG_WARN_DOCUMENTATION_COMMENTS = YES;
				CLANG_WARN_EMPTY_BODY = YES;
				CLANG_WARN_ENUM_CONVERSION = YES;
				CLANG_WARN_INFINITE_RECURSION = YES;
				CLANG_WARN_INT_CONVERSION = YES;
				CLANG_WARN_OBJC_ROOT_CLASS = YES_ERROR;
				CLANG_WARN_SUSPICIOUS_MOVE = YES;
				CLANG_WARN_UNREACHABLE_CODE = YES;
				CLANG_WARN__DUPLICATE_METHOD_MATCH = YES;
				"CODE_SIGN_IDENTITY[sdk=iphoneos*]" = "iPhone Developer";
				COPY_PHASE_STRIP = NO;
				DEBUG_INFORMATION_FORMAT = dwarf;
				ENABLE_STRICT_OBJC_MSGSEND = YES;
				ENABLE_TESTABILITY = YES;
				GCC_C_LANGUAGE_STANDARD = gnu99;
				GCC_DYNAMIC_NO_PIC = NO;
				GCC_NO_COMMON_BLOCKS = YES;
				GCC_OPTIMIZATION_LEVEL = 0;
				GCC_PREPROCESSOR_DEFINITIONS = (
					"DEBUG=1",
					"$(inherited)",
				);
				GCC_WARN_64_TO_32_BIT_CONVERSION = YES;
				GCC_WARN_ABOUT_RETURN_TYPE = YES_ERROR;
				GCC_WARN_UNDECLARED_SELECTOR = YES;
				GCC_WARN_UNINITIALIZED_AUTOS = YES_AGGRESSIVE;
				GCC_WARN_UNUSED_FUNCTION = YES;
				GCC_WARN_UNUSED_VARIABLE = YES;
				IPHONEOS_DEPLOYMENT_TARGET = 10.3;
				MTL_ENABLE_DEBUG_INFO = YES;
				ONLY_ACTIVE_ARCH = YES;
				SDKROOT = iphoneos;
				TARGETED_DEVICE_FAMILY = "1,2";
			};
			name = Debug;
		};
		3AEF3D211F0B220400CB87FB /* Release */ = {
			isa = XCBuildConfiguration;
			buildSettings = {
				ALWAYS_SEARCH_USER_PATHS = NO;
				CLANG_ANALYZER_NONNULL = YES;
				CLANG_ANALYZER_NUMBER_OBJECT_CONVERSION = YES_AGGRESSIVE;
				CLANG_CXX_LANGUAGE_STANDARD = "gnu++0x";
				CLANG_CXX_LIBRARY = "libc++";
				CLANG_ENABLE_MODULES = YES;
				CLANG_ENABLE_OBJC_ARC = YES;
				CLANG_WARN_BOOL_CONVERSION = YES;
				CLANG_WARN_CONSTANT_CONVERSION = YES;
				CLANG_WARN_DIRECT_OBJC_ISA_USAGE = YES_ERROR;
				CLANG_WARN_DOCUMENTATION_COMMENTS = YES;
				CLANG_WARN_EMPTY_BODY = YES;
				CLANG_WARN_ENUM_CONVERSION = YES;
				CLANG_WARN_INFINITE_RECURSION = YES;
				CLANG_WARN_INT_CONVERSION = YES;
				CLANG_WARN_OBJC_ROOT_CLASS = YES_ERROR;
				CLANG_WARN_SUSPICIOUS_MOVE = YES;
				CLANG_WARN_UNREACHABLE_CODE = YES;
				CLANG_WARN__DUPLICATE_METHOD_MATCH = YES;
				"CODE_SIGN_IDENTITY[sdk=iphoneos*]" = "iPhone Developer";
				COPY_PHASE_STRIP = NO;
				DEBUG_INFORMATION_FORMAT = "dwarf-with-dsym";
				ENABLE_NS_ASSERTIONS = NO;
				ENABLE_STRICT_OBJC_MSGSEND = YES;
				GCC_C_LANGUAGE_STANDARD = gnu99;
				GCC_NO_COMMON_BLOCKS = YES;
				GCC_WARN_64_TO_32_BIT_CONVERSION = YES;
				GCC_WARN_ABOUT_RETURN_TYPE = YES_ERROR;
				GCC_WARN_UNDECLARED_SELECTOR = YES;
				GCC_WARN_UNINITIALIZED_AUTOS = YES_AGGRESSIVE;
				GCC_WARN_UNUSED_FUNCTION = YES;
				GCC_WARN_UNUSED_VARIABLE = YES;
				IPHONEOS_DEPLOYMENT_TARGET = 10.3;
				MTL_ENABLE_DEBUG_INFO = NO;
				SDKROOT = iphoneos;
				TARGETED_DEVICE_FAMILY = "1,2";
				VALIDATE_PRODUCT = YES;
			};
			name = Release;
		};
		3AEF3D231F0B220400CB87FB /* Debug */ = {
			isa = XCBuildConfiguration;
			baseConfigurationReference = 76EE45CA243840EACE8F4A7A /* Pods-Runtime.debug.xcconfig */;
			buildSettings = {
				ASSETCATALOG_COMPILER_APPICON_NAME = AppIcon;
				CODE_SIGN_IDENTITY = "iPhone Developer: chen yang (9FNPH3S39N)";
				DEVELOPMENT_TEAM = JG8V2487ZT;
				GCC_PREFIX_HEADER = Runtime/Header.h;
				INFOPLIST_FILE = Runtime/Info.plist;
				IPHONEOS_DEPLOYMENT_TARGET = 9.0;
				LD_RUNPATH_SEARCH_PATHS = "$(inherited) @executable_path/Frameworks";
				PRODUCT_BUNDLE_IDENTIFIER = www.ebanyun.com;
				PRODUCT_NAME = "$(TARGET_NAME)";
				PROVISIONING_PROFILE = "6daf1777-ca39-48a9-933e-5c0a61ebe53e";
				PROVISIONING_PROFILE_SPECIFIER = www.ebanyun.com;
			};
			name = Debug;
		};
		3AEF3D241F0B220400CB87FB /* Release */ = {
			isa = XCBuildConfiguration;
			baseConfigurationReference = 5EAF41A1B015E7D2D91DE547 /* Pods-Runtime.release.xcconfig */;
			buildSettings = {
				ASSETCATALOG_COMPILER_APPICON_NAME = AppIcon;
				CODE_SIGN_IDENTITY = "iPhone Developer: chen yang (9FNPH3S39N)";
				DEVELOPMENT_TEAM = JG8V2487ZT;
				GCC_PREFIX_HEADER = Runtime/Header.h;
				INFOPLIST_FILE = Runtime/Info.plist;
				IPHONEOS_DEPLOYMENT_TARGET = 9.0;
				LD_RUNPATH_SEARCH_PATHS = "$(inherited) @executable_path/Frameworks";
				PRODUCT_BUNDLE_IDENTIFIER = www.ebanyun.com;
				PRODUCT_NAME = "$(TARGET_NAME)";
				PROVISIONING_PROFILE = "6daf1777-ca39-48a9-933e-5c0a61ebe53e";
				PROVISIONING_PROFILE_SPECIFIER = www.ebanyun.com;
			};
			name = Release;
		};
/* End XCBuildConfiguration section */

/* Begin XCConfigurationList section */
		3AEF3D061F0B220400CB87FB /* Build configuration list for PBXProject "Runtime" */ = {
			isa = XCConfigurationList;
			buildConfigurations = (
				3AEF3D201F0B220400CB87FB /* Debug */,
				3AEF3D211F0B220400CB87FB /* Release */,
			);
			defaultConfigurationIsVisible = 0;
			defaultConfigurationName = Release;
		};
		3AEF3D221F0B220400CB87FB /* Build configuration list for PBXNativeTarget "Runtime" */ = {
			isa = XCConfigurationList;
			buildConfigurations = (
				3AEF3D231F0B220400CB87FB /* Debug */,
				3AEF3D241F0B220400CB87FB /* Release */,
			);
			defaultConfigurationIsVisible = 0;
			defaultConfigurationName = Release;
		};
/* End XCConfigurationList section */
	};
	rootObject = 3AEF3D031F0B220400CB87FB /* Project object */;
}
